
Microsoft Visual Studio Solution File, Format Version 12.00
# Visual Studio Version 17
VisualStudioVersion = 17.3.32819.101
MinimumVisualStudioVersion = 10.0.40219.1
Project("{FAE04EC0-301F-11D3-BF4B-00C04F79EFBC}") = "doancuoiki", "doancuoiki.csproj", "{122432FE-9391-43AB-9F22-CE59F8849C94}"
EndProject
Global
	GlobalSection(SolutionConfigurationPlatforms) = preSolution
		Debug|Any CPU = Debug|Any CPU
		Release|Any CPU = Release|Any CPU
	EndGlobalSection
	GlobalSection(ProjectConfigurationPlatforms) = postSolution
		{122432FE-9391-43AB-9F22-CE59F8849C94}.Debug|Any CPU.ActiveCfg = Debug|Any CPU
		{122432FE-9391-43AB-9F22-CE59F8849C94}.Debug|Any CPU.Build.0 = Debug|Any CPU
		{122432FE-9391-43AB-9F22-CE59F8849C94}.Release|Any CPU.ActiveCfg = Release|Any CPU
		{122432FE-9391-43AB-9F22-CE59F8849C94}.Release|Any CPU.Build.0 = Release|Any CPU
	EndGlobalSection
	GlobalSection(SolutionProperties) = preSolution
		HideSolutionNode = FALSE
	EndGlobalSection
	GlobalSection(ExtensibilityGlobals) = postSolution
		SolutionGuid = {720BA588-5745-4B10-AB61-6C2F688E2148}
	EndGlobalSection
EndGlobal
